dependencies:
  espressif/esp_lcd_touch:
    dependencies: []
    source:
      path: C:\Users\ruuva\workspace\RDM-7_Dash\components\espressif__esp_lcd_touch
      type: local
    version: 1.1.1
  espressif/esp_lcd_touch_gt911:
    dependencies: []
    source:
      path: C:\Users\ruuva\workspace\RDM-7_Dash\components\espressif__esp_lcd_touch_gt911
      type: local
    version: 1.1.0
  espressif/esp_new_jpeg:
    component_hash: e6af208a875abd0ecfc0213d3751a11b504b463ebde6930f24096047925fa5c1
    dependencies: []
    source:
      registry_url: https://components.espressif.com/
      type: service
    targets:
    - esp32
    - esp32s2
    - esp32s3
    - esp32p4
    - esp32c2
    - esp32c3
    - esp32c5
    - esp32c6
    version: 0.6.1
  idf:
    source:
      type: idf
    version: 5.3.1
  joltwallet/littlefs:
    component_hash: dcea25bcef2de023f089f5f01e8d8c46ad1b8ffef75861ad5ffb4098555839df
    dependencies:
    - name: idf
      require: private
      version: '>=5.0'
    source:
      registry_url: https://components.espressif.com/
      type: service
    version: 1.20.4
  lvgl/lvgl:
    dependencies: []
    source:
      path: C:\Users\ruuva\workspace\RDM-7_Dash\components\lvgl__lvgl
      type: local
    version: 8.3.11
direct_dependencies:
- espressif/esp_lcd_touch
- espressif/esp_lcd_touch_gt911
- espressif/esp_new_jpeg
- idf
- joltwallet/littlefs
- lvgl/lvgl
manifest_hash: a3fab2bcc1d8301b170a963a3e9c7b71635e355501c20fa72a03449fc9a496f0
target: esp32s3
version: 2.0.0
